
Microsoft Visual Studio Solution File, Format Version 12.00
# Visual Studio Version 17
VisualStudioVersion = 17.2.32802.462
MinimumVisualStudioVersion = 10.0.40219.1
Project("{FAE04EC0-301F-11D3-BF4B-00C04F79EFBC}") = "TCNInvoke1", "TCNInvoke1.csproj", "{AC63C98D-EA0B-4ADB-8EF9-84B2D7CE0BF5}"
EndProject
Global
	GlobalSection(SolutionConfigurationPlatforms) = preSolution
		Debug|Any CPU = Debug|Any CPU
		Release|Any CPU = Release|Any CPU
	EndGlobalSection
	GlobalSection(ProjectConfigurationPlatforms) = postSolution
		{AC63C98D-EA0B-4ADB-8EF9-84B2D7CE0BF5}.Debug|Any CPU.ActiveCfg = Debug|Any CPU
		{AC63C98D-EA0B-4ADB-8EF9-84B2D7CE0BF5}.Debug|Any CPU.Build.0 = Debug|Any CPU
		{AC63C98D-EA0B-4ADB-8EF9-84B2D7CE0BF5}.Release|Any CPU.ActiveCfg = Release|Any CPU
		{AC63C98D-EA0B-4ADB-8EF9-84B2D7CE0BF5}.Release|Any CPU.Build.0 = Release|Any CPU
	EndGlobalSection
	GlobalSection(SolutionProperties) = preSolution
		HideSolutionNode = FALSE
	EndGlobalSection
	GlobalSection(ExtensibilityGlobals) = postSolution
		SolutionGuid = {44304E00-708C-4668-8115-A7AC9D12978B}
	EndGlobalSection
EndGlobal
